
Microsoft Visual Studio Solution File, Format Version 12.00
# Visual Studio 15
VisualStudioVersion = 15.0.28010.2026
MinimumVisualStudioVersion = 10.0.40219.1
Project("{FAE04EC0-301F-11D3-BF4B-00C04F79EFBC}") = "SistemaFac", "SistemaFac\SistemaFac.csproj", "{6E49BBE2-26E6-47AE-9F01-40990C4145B4}"
EndProject
Project("{FAE04EC0-301F-11D3-BF4B-00C04F79EFBC}") = "DataBase", "Dal\DataBase.csproj", "{F248F16E-8430-4A2A-BF12-D18AEF055685}"
EndProject
Global
	GlobalSection(SolutionConfigurationPlatforms) = preSolution
		Debug|Any CPU = Debug|Any CPU
		Release|Any CPU = Release|Any CPU
	EndGlobalSection
	GlobalSection(ProjectConfigurationPlatforms) = postSolution
		{6E49BBE2-26E6-47AE-9F01-40990C4145B4}.Debug|Any CPU.ActiveCfg = Debug|Any CPU
		{6E49BBE2-26E6-47AE-9F01-40990C4145B4}.Debug|Any CPU.Build.0 = Debug|Any CPU
		{6E49BBE2-26E6-47AE-9F01-40990C4145B4}.Release|Any CPU.ActiveCfg = Release|Any CPU
		{6E49BBE2-26E6-47AE-9F01-40990C4145B4}.Release|Any CPU.Build.0 = Release|Any CPU
		{F248F16E-8430-4A2A-BF12-D18AEF055685}.Debug|Any CPU.ActiveCfg = Debug|Any CPU
		{F248F16E-8430-4A2A-BF12-D18AEF055685}.Debug|Any CPU.Build.0 = Debug|Any CPU
		{F248F16E-8430-4A2A-BF12-D18AEF055685}.Release|Any CPU.ActiveCfg = Release|Any CPU
		{F248F16E-8430-4A2A-BF12-D18AEF055685}.Release|Any CPU.Build.0 = Release|Any CPU
	EndGlobalSection
	GlobalSection(SolutionProperties) = preSolution
		HideSolutionNode = FALSE
	EndGlobalSection
	GlobalSection(ExtensibilityGlobals) = postSolution
		SolutionGuid = {9B822375-F500-4D33-AC3C-AD681213A216}
	EndGlobalSection
EndGlobal
